
Microsoft Visual Studio Solution File, Format Version 12.00
# Visual Studio 15
VisualStudioVersion = 15.0.26228.12
MinimumVisualStudioVersion = 10.0.40219.1
Project("{2150E333-8FDC-42A3-9474-1A3956D46DE8}") = "src", "src", "{6618D033-4F21-4C1C-926A-B4074F1021F4}"
EndProject
Project("{2150E333-8FDC-42A3-9474-1A3956D46DE8}") = "test", "test", "{60BABF5E-A703-4CF9-838F-C7D6125071DA}"
EndProject
Project("{9A19103F-16F7-4668-BE54-9A1E7A4F7556}") = "Serilog.Extensions.WebJobs", "src\Serilog.Extensions.WebJobs\Serilog.Extensions.WebJobs.csproj", "{A864CA59-48FF-49E6-BCD0-CCA2CCA41A63}"
EndProject
Project("{FAE04EC0-301F-11D3-BF4B-00C04F79EFBC}") = "Serilog.Extensions.WebJobs.Tests", "test\Serilog.Extensions.WebJobs.Tests\Serilog.Extensions.WebJobs.Tests.csproj", "{6F4DB8EA-0381-4FB3-B178-0782FF7714A0}"
EndProject
Global
	GlobalSection(SolutionConfigurationPlatforms) = preSolution
		Debug|Any CPU = Debug|Any CPU
		Release|Any CPU = Release|Any CPU
	EndGlobalSection
	GlobalSection(ProjectConfigurationPlatforms) = postSolution
		{A864CA59-48FF-49E6-BCD0-CCA2CCA41A63}.Debug|Any CPU.ActiveCfg = Debug|Any CPU
		{A864CA59-48FF-49E6-BCD0-CCA2CCA41A63}.Debug|Any CPU.Build.0 = Debug|Any CPU
		{A864CA59-48FF-49E6-BCD0-CCA2CCA41A63}.Release|Any CPU.ActiveCfg = Release|Any CPU
		{A864CA59-48FF-49E6-BCD0-CCA2CCA41A63}.Release|Any CPU.Build.0 = Release|Any CPU
		{6F4DB8EA-0381-4FB3-B178-0782FF7714A0}.Debug|Any CPU.ActiveCfg = Debug|Any CPU
		{6F4DB8EA-0381-4FB3-B178-0782FF7714A0}.Debug|Any CPU.Build.0 = Debug|Any CPU
		{6F4DB8EA-0381-4FB3-B178-0782FF7714A0}.Release|Any CPU.ActiveCfg = Release|Any CPU
		{6F4DB8EA-0381-4FB3-B178-0782FF7714A0}.Release|Any CPU.Build.0 = Release|Any CPU
	EndGlobalSection
	GlobalSection(SolutionProperties) = preSolution
		HideSolutionNode = FALSE
	EndGlobalSection
	GlobalSection(NestedProjects) = preSolution
		{A864CA59-48FF-49E6-BCD0-CCA2CCA41A63} = {6618D033-4F21-4C1C-926A-B4074F1021F4}
		{6F4DB8EA-0381-4FB3-B178-0782FF7714A0} = {60BABF5E-A703-4CF9-838F-C7D6125071DA}
	EndGlobalSection
EndGlobal
